// !$*UTF8*$!
{
	archiveVersion = 1;
	classes = {
	};
	objectVersion = 51;
	objects = {

/* Begin PBXBuildFile section */
		2709F99425FE1AE30068D2C0 /* GoogleService-Info.plist in Resources */ = {isa = PBXBuildFile; fileRef = 2709F99325FE1AE30068D2C0 /* GoogleService-Info.plist */; };
		271C3DE026020E6100E2BCAA /* ALLoginDetails.swift in Sources */ = {isa = PBXBuildFile; fileRef = 271C3DDF26020E6100E2BCAA /* ALLoginDetails.swift */; };
		2777FADC260C771D00961FAF /* ChatRoomViewFactory.swift in Sources */ = {isa = PBXBuildFile; fileRef = 2777FADB260C771D00961FAF /* ChatRoomViewFactory.swift */; };
		2777FAE1260C7C6700961FAF /* ChatRoomType.swift in Sources */ = {isa = PBXBuildFile; fileRef = 2777FAE0260C7C6700961FAF /* ChatRoomType.swift */; };
		278797562601E24600124FA3 /* ALGoogleAuthHandler.swift in Sources */ = {isa = PBXBuildFile; fileRef = 2787974D2601E24600124FA3 /* ALGoogleAuthHandler.swift */; };
		278797572601E24600124FA3 /* ALFacebookAuthHandler.swift in Sources */ = {isa = PBXBuildFile; fileRef = 2787974E2601E24600124FA3 /* ALFacebookAuthHandler.swift */; };
		278797582601E24600124FA3 /* ALAuthHandler.swift in Sources */ = {isa = PBXBuildFile; fileRef = 2787974F2601E24600124FA3 /* ALAuthHandler.swift */; };
		278797592601E24600124FA3 /* ALAuthHandlerType.swift in Sources */ = {isa = PBXBuildFile; fileRef = 278797512601E24600124FA3 /* ALAuthHandlerType.swift */; };
		2787975A2601E24600124FA3 /* ALAuth.swift in Sources */ = {isa = PBXBuildFile; fileRef = 278797522601E24600124FA3 /* ALAuth.swift */; };
		2787975B2601E24600124FA3 /* ALAuthDelegate.swift in Sources */ = {isa = PBXBuildFile; fileRef = 278797542601E24600124FA3 /* ALAuthDelegate.swift */; };
		2787975C2601E24600124FA3 /* ALAuthHandlerDelegate.swift in Sources */ = {isa = PBXBuildFile; fileRef = 278797552601E24600124FA3 /* ALAuthHandlerDelegate.swift */; };
		2788582B261046480058ADB2 /* AddModuleView.swift in Sources */ = {isa = PBXBuildFile; fileRef = 2788582A261046480058ADB2 /* AddModuleView.swift */; };
		27885837261053ED0058ADB2 /* JoinModuleView.swift in Sources */ = {isa = PBXBuildFile; fileRef = 27885836261053ED0058ADB2 /* JoinModuleView.swift */; };
		2788584826105DD30058ADB2 /* HomeToolbarView.swift in Sources */ = {isa = PBXBuildFile; fileRef = 2788584726105DD30058ADB2 /* HomeToolbarView.swift */; };
		279503DF2605D55D00D3B743 /* TextMessageContentView.swift in Sources */ = {isa = PBXBuildFile; fileRef = 279503DE2605D55D00D3B743 /* TextMessageContentView.swift */; };
		279503E42605D57600D3B743 /* MessageViewModel.swift in Sources */ = {isa = PBXBuildFile; fileRef = 279503E32605D57600D3B743 /* MessageViewModel.swift */; };
		279CBAB1260A321F009A139C /* LoginButtonView.swift in Sources */ = {isa = PBXBuildFile; fileRef = 279CBAB0260A321F009A139C /* LoginButtonView.swift */; };
		279CBAB6260A3248009A139C /* LoginButtonViewModel.swift in Sources */ = {isa = PBXBuildFile; fileRef = 279CBAB5260A3248009A139C /* LoginButtonViewModel.swift */; };
		279CBAC7260AD840009A139C /* LazyNavView.swift in Sources */ = {isa = PBXBuildFile; fileRef = 279CBAC6260AD840009A139C /* LazyNavView.swift */; };
		27A61A6426046ACF00226600 /* UserFacade.swift in Sources */ = {isa = PBXBuildFile; fileRef = 27A61A6326046ACF00226600 /* UserFacade.swift */; };
		27A61A6926046AEB00226600 /* FirebaseUserFacade.swift in Sources */ = {isa = PBXBuildFile; fileRef = 27A61A6826046AEB00226600 /* FirebaseUserFacade.swift */; };
		27A61A7626046E7F00226600 /* UserFacadeDelegate.swift in Sources */ = {isa = PBXBuildFile; fileRef = 27A61A7526046E7F00226600 /* UserFacadeDelegate.swift */; };
		27A61A7E26047D5800226600 /* ALConstants.swift in Sources */ = {isa = PBXBuildFile; fileRef = 27A61A7D26047D5800226600 /* ALConstants.swift */; };
		3E405A71261086A4005F2B49 /* UnsupportedMessageContentView.swift in Sources */ = {isa = PBXBuildFile; fileRef = 3E405A70261086A4005F2B49 /* UnsupportedMessageContentView.swift */; };
		3E405A76261087EF005F2B49 /* MessageViewModelFactory.swift in Sources */ = {isa = PBXBuildFile; fileRef = 3E405A75261087EF005F2B49 /* MessageViewModelFactory.swift */; };
		3E47F81D25FE0E3200861721 /* ModuleView.swift in Sources */ = {isa = PBXBuildFile; fileRef = 3E47F81C25FE0E3200861721 /* ModuleView.swift */; };
		3E47F82225FE0E9E00861721 /* ModuleViewModel.swift in Sources */ = {isa = PBXBuildFile; fileRef = 3E47F82125FE0E9E00861721 /* ModuleViewModel.swift */; };
		3E591C5226008C1A00226DC2 /* DatabaseConstant.swift in Sources */ = {isa = PBXBuildFile; fileRef = 3E591C5126008C1A00226DC2 /* DatabaseConstant.swift */; };
		3E746B5B260ED4DE008CF3F6 /* FirebaseUtils.swift in Sources */ = {isa = PBXBuildFile; fileRef = 3E746B5A260ED4DE008CF3F6 /* FirebaseUtils.swift */; };
		3E746B88260EF8B7008CF3F6 /* ImagePicker.swift in Sources */ = {isa = PBXBuildFile; fileRef = 3E746B87260EF8B7008CF3F6 /* ImagePicker.swift */; };
		3E74E084261047DC00CB344E /* ImageMessageContentView.swift in Sources */ = {isa = PBXBuildFile; fileRef = 3E74E083261047DC00CB344E /* ImageMessageContentView.swift */; };
		3E74E095261054B200CB344E /* RemoteImage.swift in Sources */ = {isa = PBXBuildFile; fileRef = 3E74E094261054B200CB344E /* RemoteImage.swift */; };
		3E74E09A2610591100CB344E /* MessageView.swift in Sources */ = {isa = PBXBuildFile; fileRef = 3E74E0992610591100CB344E /* MessageView.swift */; };
		3E74E0A826106F3400CB344E /* MessageContentType.swift in Sources */ = {isa = PBXBuildFile; fileRef = 3E74E0A726106F3300CB344E /* MessageContentType.swift */; };
		3E7EBBAF2610418B00D276AE /* MessageContentViewFactory.swift in Sources */ = {isa = PBXBuildFile; fileRef = 3E7EBBAE2610418B00D276AE /* MessageContentViewFactory.swift */; };
		3EB99D4625FDFD1100861D74 /* ChatRoom.swift in Sources */ = {isa = PBXBuildFile; fileRef = 3EB99D4525FDFD1100861D74 /* ChatRoom.swift */; };
		3EB99D4E25FDFF8800861D74 /* ChatRoomPermission.swift in Sources */ = {isa = PBXBuildFile; fileRef = 3EB99D4D25FDFF8800861D74 /* ChatRoomPermission.swift */; };
		3ED4FBBA2606260900ADA24A /* StateConstant.swift in Sources */ = {isa = PBXBuildFile; fileRef = 3ED4FBB92606260900ADA24A /* StateConstant.swift */; };
		3EFF012E26108318008288C9 /* TextMessageViewModel.swift in Sources */ = {isa = PBXBuildFile; fileRef = 3EFF012D26108318008288C9 /* TextMessageViewModel.swift */; };
		3EFF013626108434008288C9 /* MediaMessageViewModel.swift in Sources */ = {isa = PBXBuildFile; fileRef = 3EFF013526108434008288C9 /* MediaMessageViewModel.swift */; };
		45210D6226074B7900B54155 /* EntryViewModelIntegrationTests.swift in Sources */ = {isa = PBXBuildFile; fileRef = 45210D6126074B7900B54155 /* EntryViewModelIntegrationTests.swift */; };
		45210D6A26074E9700B54155 /* OnboardingViewModelIntegrationTests.swift in Sources */ = {isa = PBXBuildFile; fileRef = 45210D6926074E9700B54155 /* OnboardingViewModelIntegrationTests.swift */; };
		45210D6F26074F4300B54155 /* RegistrationViewModelIntegrationTests.swift in Sources */ = {isa = PBXBuildFile; fileRef = 45210D6E26074F4300B54155 /* RegistrationViewModelIntegrationTests.swift */; };
		45210D74260754F000B54155 /* LoginViewModelIntegrationTests.swift in Sources */ = {isa = PBXBuildFile; fileRef = 45210D73260754F000B54155 /* LoginViewModelIntegrationTests.swift */; };
		45210D79260755C300B54155 /* ChatRoomViewModelIntegrationTests.swift in Sources */ = {isa = PBXBuildFile; fileRef = 45210D78260755C300B54155 /* ChatRoomViewModelIntegrationTests.swift */; };
		45210D7E2607573800B54155 /* ModuleViewModelIntegrationTests.swift in Sources */ = {isa = PBXBuildFile; fileRef = 45210D7D2607573800B54155 /* ModuleViewModelIntegrationTests.swift */; };
		45210D862607582000B54155 /* HomeViewModelIntegrationTests.swift in Sources */ = {isa = PBXBuildFile; fileRef = 45210D852607582000B54155 /* HomeViewModelIntegrationTests.swift */; };
		45210D8B260758FC00B54155 /* SettingsViewModelIntegrationTests.swift in Sources */ = {isa = PBXBuildFile; fileRef = 45210D8A260758FC00B54155 /* SettingsViewModelIntegrationTests.swift */; };
		45210D9026075B1900B54155 /* MessageViewModelTests.swift in Sources */ = {isa = PBXBuildFile; fileRef = 45210D8F26075B1900B54155 /* MessageViewModelTests.swift */; };
		4585A4732606323000DD5BB0 /* ChatRoomViewModelTests.swift in Sources */ = {isa = PBXBuildFile; fileRef = 4585A4722606323000DD5BB0 /* ChatRoomViewModelTests.swift */; };
		4585A4782606333A00DD5BB0 /* ModuleViewModelTests.swift in Sources */ = {isa = PBXBuildFile; fileRef = 4585A4772606333A00DD5BB0 /* ModuleViewModelTests.swift */; };
		4585A47D2606341D00DD5BB0 /* HomeViewModelTests.swift in Sources */ = {isa = PBXBuildFile; fileRef = 4585A47C2606341D00DD5BB0 /* HomeViewModelTests.swift */; };
		4585A482260634F500DD5BB0 /* SettingsViewModelTests.swift in Sources */ = {isa = PBXBuildFile; fileRef = 4585A481260634F500DD5BB0 /* SettingsViewModelTests.swift */; };
		458E23A42605C0A6006780C7 /* UserTests.swift in Sources */ = {isa = PBXBuildFile; fileRef = 458E23A32605C0A6006780C7 /* UserTests.swift */; };
		458E23DB2605D29A006780C7 /* MessageTests.swift in Sources */ = {isa = PBXBuildFile; fileRef = 458E23DA2605D29A006780C7 /* MessageTests.swift */; };
		458E23EA2605DB9E006780C7 /* ChatRoomTests.swift in Sources */ = {isa = PBXBuildFile; fileRef = 458E23E92605DB9E006780C7 /* ChatRoomTests.swift */; };
		458E23F92605EE0B006780C7 /* AppViewModelTests.swift in Sources */ = {isa = PBXBuildFile; fileRef = 458E23F82605EE0B006780C7 /* AppViewModelTests.swift */; };
		458E24112605FA16006780C7 /* RegistrationViewModelTests.swift in Sources */ = {isa = PBXBuildFile; fileRef = 458E24102605FA16006780C7 /* RegistrationViewModelTests.swift */; };
		458E24162605FAC2006780C7 /* LoginViewModelTests.swift in Sources */ = {isa = PBXBuildFile; fileRef = 458E24152605FAC2006780C7 /* LoginViewModelTests.swift */; };
		45D6333325FDE3A900C94D4F /* AppViewModel.swift in Sources */ = {isa = PBXBuildFile; fileRef = 45D6333225FDE3A900C94D4F /* AppViewModel.swift */; };
		45D6333925FDE43F00C94D4F /* AppState.swift in Sources */ = {isa = PBXBuildFile; fileRef = 45D6333825FDE43F00C94D4F /* AppState.swift */; };
		45D6335225FDF30100C94D4F /* EntryView.swift in Sources */ = {isa = PBXBuildFile; fileRef = 45D6335125FDF30100C94D4F /* EntryView.swift */; };
		45D6336025FDFF9500C94D4F /* RegistrationViewModel.swift in Sources */ = {isa = PBXBuildFile; fileRef = 45D6335F25FDFF9500C94D4F /* RegistrationViewModel.swift */; };
		45D6336525FE011200C94D4F /* RegistrationView.swift in Sources */ = {isa = PBXBuildFile; fileRef = 45D6336425FE011200C94D4F /* RegistrationView.swift */; };
		45D6336F25FE01E900C94D4F /* LoginView.swift in Sources */ = {isa = PBXBuildFile; fileRef = 45D6336E25FE01E900C94D4F /* LoginView.swift */; };
		45D6337425FE020000C94D4F /* LoginViewModel.swift in Sources */ = {isa = PBXBuildFile; fileRef = 45D6337325FE020000C94D4F /* LoginViewModel.swift */; };
		45D6337C25FE07A200C94D4F /* ChatRoomView.swift in Sources */ = {isa = PBXBuildFile; fileRef = 45D6337B25FE07A200C94D4F /* ChatRoomView.swift */; };
		45D6338125FE07C200C94D4F /* ChatRoomViewModel.swift in Sources */ = {isa = PBXBuildFile; fileRef = 45D6338025FE07C200C94D4F /* ChatRoomViewModel.swift */; };
		45D6338C25FE0AFE00C94D4F /* HomeView.swift in Sources */ = {isa = PBXBuildFile; fileRef = 45D6338B25FE0AFE00C94D4F /* HomeView.swift */; };
		45D6339125FE0B3400C94D4F /* HomeViewModel.swift in Sources */ = {isa = PBXBuildFile; fileRef = 45D6339025FE0B3400C94D4F /* HomeViewModel.swift */; };
		45D633B025FE151F00C94D4F /* SettingsViewModel.swift in Sources */ = {isa = PBXBuildFile; fileRef = 45D633AF25FE151F00C94D4F /* SettingsViewModel.swift */; };
		45D633B525FE154100C94D4F /* SettingsView.swift in Sources */ = {isa = PBXBuildFile; fileRef = 45D633B425FE154100C94D4F /* SettingsView.swift */; };
		76A5D4FC134E902BF469689E /* Pods_Sweechat.framework in Frameworks */ = {isa = PBXBuildFile; fileRef = FA6DF6279507ACD2ACCA6657 /* Pods_Sweechat.framework */; };
		77394B62260C44300068B01F /* FirebaseUserChatRoomModulePairFacade.swift in Sources */ = {isa = PBXBuildFile; fileRef = 77394B61260C44300068B01F /* FirebaseUserChatRoomModulePairFacade.swift */; };
		77394B6D260C44AC0068B01F /* FirebaseUserChatRoomModulePair.swift in Sources */ = {isa = PBXBuildFile; fileRef = 77394B6C260C44AC0068B01F /* FirebaseUserChatRoomModulePair.swift */; };
		77394BB3260D0BCE0068B01F /* FirebaseUserModulePairFacade.swift in Sources */ = {isa = PBXBuildFile; fileRef = 77394BB2260D0BCE0068B01F /* FirebaseUserModulePairFacade.swift */; };
		77394BBB260D0BE50068B01F /* FirebaseUserModulePair.swift in Sources */ = {isa = PBXBuildFile; fileRef = 77394BBA260D0BE50068B01F /* FirebaseUserModulePair.swift */; };
		77394BF3260D95C50068B01F /* ModuleList.swift in Sources */ = {isa = PBXBuildFile; fileRef = 77394BF2260D95C50068B01F /* ModuleList.swift */; };
		77394BFE260D96440068B01F /* FirebaseModuleListFacade.swift in Sources */ = {isa = PBXBuildFile; fileRef = 77394BFD260D96440068B01F /* FirebaseModuleListFacade.swift */; };
		77394C03260D97C10068B01F /* ModuleListFacade.swift in Sources */ = {isa = PBXBuildFile; fileRef = 77394C02260D97C10068B01F /* ModuleListFacade.swift */; };
		77394C08260D982B0068B01F /* ModuleListFacadeDelegate.swift in Sources */ = {isa = PBXBuildFile; fileRef = 77394C07260D982B0068B01F /* ModuleListFacadeDelegate.swift */; };
		775B92172604F8710040B985 /* FirebaseMessageFacade.swift in Sources */ = {isa = PBXBuildFile; fileRef = 775B92162604F8710040B985 /* FirebaseMessageFacade.swift */; };
		775B92322605006D0040B985 /* ChatRoomFacade.swift in Sources */ = {isa = PBXBuildFile; fileRef = 775B92312605006D0040B985 /* ChatRoomFacade.swift */; };
		775B92372605007E0040B985 /* FirebaseChatRoomFacade.swift in Sources */ = {isa = PBXBuildFile; fileRef = 775B92362605007E0040B985 /* FirebaseChatRoomFacade.swift */; };
		775B923C260500880040B985 /* ChatRoomFacadeDelegate.swift in Sources */ = {isa = PBXBuildFile; fileRef = 775B923B260500880040B985 /* ChatRoomFacadeDelegate.swift */; };
		775CA64A260B49D90012C420 /* Module.swift in Sources */ = {isa = PBXBuildFile; fileRef = 775CA649260B49D90012C420 /* Module.swift */; };
		775CA652260B4A930012C420 /* ModuleFacadeDelegate.swift in Sources */ = {isa = PBXBuildFile; fileRef = 775CA651260B4A930012C420 /* ModuleFacadeDelegate.swift */; };
		775CA65A260B4AF30012C420 /* FirebaseModuleFacade.swift in Sources */ = {isa = PBXBuildFile; fileRef = 775CA659260B4AF30012C420 /* FirebaseModuleFacade.swift */; };
		775CA65F260B4B0E0012C420 /* ModuleFacade.swift in Sources */ = {isa = PBXBuildFile; fileRef = 775CA65E260B4B0E0012C420 /* ModuleFacade.swift */; };
		778F08B725FDDA420059C2A0 /* AppDelegate.swift in Sources */ = {isa = PBXBuildFile; fileRef = 778F08B625FDDA420059C2A0 /* AppDelegate.swift */; };
		778F08B925FDDA420059C2A0 /* SceneDelegate.swift in Sources */ = {isa = PBXBuildFile; fileRef = 778F08B825FDDA420059C2A0 /* SceneDelegate.swift */; };
		778F08BB25FDDA420059C2A0 /* ContentView.swift in Sources */ = {isa = PBXBuildFile; fileRef = 778F08BA25FDDA420059C2A0 /* ContentView.swift */; };
		778F08BE25FDDA420059C2A0 /* Sweechat.xcdatamodeld in Sources */ = {isa = PBXBuildFile; fileRef = 778F08BC25FDDA420059C2A0 /* Sweechat.xcdatamodeld */; };
		778F08C025FDDA470059C2A0 /* Assets.xcassets in Resources */ = {isa = PBXBuildFile; fileRef = 778F08BF25FDDA470059C2A0 /* Assets.xcassets */; };
		778F08C325FDDA470059C2A0 /* Preview Assets.xcassets in Resources */ = {isa = PBXBuildFile; fileRef = 778F08C225FDDA470059C2A0 /* Preview Assets.xcassets */; };
		778F08C625FDDA470059C2A0 /* LaunchScreen.storyboard in Resources */ = {isa = PBXBuildFile; fileRef = 778F08C425FDDA470059C2A0 /* LaunchScreen.storyboard */; };
		778F08D125FDDA470059C2A0 /* SweechatTests.swift in Sources */ = {isa = PBXBuildFile; fileRef = 778F08D025FDDA470059C2A0 /* SweechatTests.swift */; };
		778F08DC25FDDA470059C2A0 /* SweechatUITests.swift in Sources */ = {isa = PBXBuildFile; fileRef = 778F08DB25FDDA470059C2A0 /* SweechatUITests.swift */; };
		778F08F525FDEF210059C2A0 /* MessageType.swift in Sources */ = {isa = PBXBuildFile; fileRef = 778F08F225FDEF210059C2A0 /* MessageType.swift */; };
		778F090125FDEFEE0059C2A0 /* Message.swift in Sources */ = {isa = PBXBuildFile; fileRef = 778F090025FDEFEE0059C2A0 /* Message.swift */; };
		778F090625FDF06F0059C2A0 /* User.swift in Sources */ = {isa = PBXBuildFile; fileRef = 778F090525FDF06F0059C2A0 /* User.swift */; };
/* End PBXBuildFile section */

/* Begin PBXContainerItemProxy section */
		778F08CD25FDDA470059C2A0 /* PBXContainerItemProxy */ = {
			isa = PBXContainerItemProxy;
			containerPortal = 778F08AB25FDDA420059C2A0 /* Project object */;
			proxyType = 1;
			remoteGlobalIDString = 778F08B225FDDA420059C2A0;
			remoteInfo = Sweechat;
		};
		778F08D825FDDA470059C2A0 /* PBXContainerItemProxy */ = {
			isa = PBXContainerItemProxy;
			containerPortal = 778F08AB25FDDA420059C2A0 /* Project object */;
			proxyType = 1;
			remoteGlobalIDString = 778F08B225FDDA420059C2A0;
			remoteInfo = Sweechat;
		};
/* End PBXContainerItemProxy section */

/* Begin PBXFileReference section */
		2709F99325FE1AE30068D2C0 /* GoogleService-Info.plist */ = {isa = PBXFileReference; fileEncoding = 4; lastKnownFileType = text.plist.xml; path = "GoogleService-Info.plist"; sourceTree = "<group>"; };
		271C3DDF26020E6100E2BCAA /* ALLoginDetails.swift */ = {isa = PBXFileReference; lastKnownFileType = sourcecode.swift; path = ALLoginDetails.swift; sourceTree = "<group>"; };
		2777FADB260C771D00961FAF /* ChatRoomViewFactory.swift */ = {isa = PBXFileReference; lastKnownFileType = sourcecode.swift; path = ChatRoomViewFactory.swift; sourceTree = "<group>"; };
		2777FAE0260C7C6700961FAF /* ChatRoomType.swift */ = {isa = PBXFileReference; lastKnownFileType = sourcecode.swift; path = ChatRoomType.swift; sourceTree = "<group>"; };
		2787974D2601E24600124FA3 /* ALGoogleAuthHandler.swift */ = {isa = PBXFileReference; fileEncoding = 4; lastKnownFileType = sourcecode.swift; path = ALGoogleAuthHandler.swift; sourceTree = "<group>"; };
		2787974E2601E24600124FA3 /* ALFacebookAuthHandler.swift */ = {isa = PBXFileReference; fileEncoding = 4; lastKnownFileType = sourcecode.swift; path = ALFacebookAuthHandler.swift; sourceTree = "<group>"; };
		2787974F2601E24600124FA3 /* ALAuthHandler.swift */ = {isa = PBXFileReference; fileEncoding = 4; lastKnownFileType = sourcecode.swift; path = ALAuthHandler.swift; sourceTree = "<group>"; };
		278797512601E24600124FA3 /* ALAuthHandlerType.swift */ = {isa = PBXFileReference; fileEncoding = 4; lastKnownFileType = sourcecode.swift; path = ALAuthHandlerType.swift; sourceTree = "<group>"; };
		278797522601E24600124FA3 /* ALAuth.swift */ = {isa = PBXFileReference; fileEncoding = 4; lastKnownFileType = sourcecode.swift; path = ALAuth.swift; sourceTree = "<group>"; };
		278797542601E24600124FA3 /* ALAuthDelegate.swift */ = {isa = PBXFileReference; fileEncoding = 4; lastKnownFileType = sourcecode.swift; path = ALAuthDelegate.swift; sourceTree = "<group>"; };
		278797552601E24600124FA3 /* ALAuthHandlerDelegate.swift */ = {isa = PBXFileReference; fileEncoding = 4; lastKnownFileType = sourcecode.swift; path = ALAuthHandlerDelegate.swift; sourceTree = "<group>"; };
		2788582A261046480058ADB2 /* AddModuleView.swift */ = {isa = PBXFileReference; lastKnownFileType = sourcecode.swift; path = AddModuleView.swift; sourceTree = "<group>"; };
		27885836261053ED0058ADB2 /* JoinModuleView.swift */ = {isa = PBXFileReference; lastKnownFileType = sourcecode.swift; path = JoinModuleView.swift; sourceTree = "<group>"; };
		2788584726105DD30058ADB2 /* HomeToolbarView.swift */ = {isa = PBXFileReference; lastKnownFileType = sourcecode.swift; path = HomeToolbarView.swift; sourceTree = "<group>"; };
		279503DE2605D55D00D3B743 /* TextMessageContentView.swift */ = {isa = PBXFileReference; lastKnownFileType = sourcecode.swift; path = TextMessageContentView.swift; sourceTree = "<group>"; };
		279503E32605D57600D3B743 /* MessageViewModel.swift */ = {isa = PBXFileReference; lastKnownFileType = sourcecode.swift; path = MessageViewModel.swift; sourceTree = "<group>"; };
		279CBAB0260A321F009A139C /* LoginButtonView.swift */ = {isa = PBXFileReference; lastKnownFileType = sourcecode.swift; path = LoginButtonView.swift; sourceTree = "<group>"; };
		279CBAB5260A3248009A139C /* LoginButtonViewModel.swift */ = {isa = PBXFileReference; lastKnownFileType = sourcecode.swift; path = LoginButtonViewModel.swift; sourceTree = "<group>"; };
		279CBAC6260AD840009A139C /* LazyNavView.swift */ = {isa = PBXFileReference; lastKnownFileType = sourcecode.swift; path = LazyNavView.swift; sourceTree = "<group>"; };
		27A61A6326046ACF00226600 /* UserFacade.swift */ = {isa = PBXFileReference; lastKnownFileType = sourcecode.swift; path = UserFacade.swift; sourceTree = "<group>"; };
		27A61A6826046AEB00226600 /* FirebaseUserFacade.swift */ = {isa = PBXFileReference; lastKnownFileType = sourcecode.swift; path = FirebaseUserFacade.swift; sourceTree = "<group>"; };
		27A61A7526046E7F00226600 /* UserFacadeDelegate.swift */ = {isa = PBXFileReference; lastKnownFileType = sourcecode.swift; path = UserFacadeDelegate.swift; sourceTree = "<group>"; };
		27A61A7D26047D5800226600 /* ALConstants.swift */ = {isa = PBXFileReference; lastKnownFileType = sourcecode.swift; path = ALConstants.swift; sourceTree = "<group>"; };
		3E405A70261086A4005F2B49 /* UnsupportedMessageContentView.swift */ = {isa = PBXFileReference; lastKnownFileType = sourcecode.swift; path = UnsupportedMessageContentView.swift; sourceTree = "<group>"; };
		3E405A75261087EF005F2B49 /* MessageViewModelFactory.swift */ = {isa = PBXFileReference; lastKnownFileType = sourcecode.swift; path = MessageViewModelFactory.swift; sourceTree = "<group>"; };
		3E47F81C25FE0E3200861721 /* ModuleView.swift */ = {isa = PBXFileReference; lastKnownFileType = sourcecode.swift; path = ModuleView.swift; sourceTree = "<group>"; };
		3E47F82125FE0E9E00861721 /* ModuleViewModel.swift */ = {isa = PBXFileReference; lastKnownFileType = sourcecode.swift; path = ModuleViewModel.swift; sourceTree = "<group>"; };
		3E591C5126008C1A00226DC2 /* DatabaseConstant.swift */ = {isa = PBXFileReference; lastKnownFileType = sourcecode.swift; path = DatabaseConstant.swift; sourceTree = "<group>"; };
		3E746B5A260ED4DE008CF3F6 /* FirebaseUtils.swift */ = {isa = PBXFileReference; lastKnownFileType = sourcecode.swift; path = FirebaseUtils.swift; sourceTree = "<group>"; };
		3E746B87260EF8B7008CF3F6 /* ImagePicker.swift */ = {isa = PBXFileReference; lastKnownFileType = sourcecode.swift; path = ImagePicker.swift; sourceTree = "<group>"; };
		3E74E083261047DC00CB344E /* ImageMessageContentView.swift */ = {isa = PBXFileReference; lastKnownFileType = sourcecode.swift; path = ImageMessageContentView.swift; sourceTree = "<group>"; };
		3E74E094261054B200CB344E /* RemoteImage.swift */ = {isa = PBXFileReference; lastKnownFileType = sourcecode.swift; path = RemoteImage.swift; sourceTree = "<group>"; };
		3E74E0992610591100CB344E /* MessageView.swift */ = {isa = PBXFileReference; lastKnownFileType = sourcecode.swift; path = MessageView.swift; sourceTree = "<group>"; };
		3E74E0A726106F3300CB344E /* MessageContentType.swift */ = {isa = PBXFileReference; lastKnownFileType = sourcecode.swift; path = MessageContentType.swift; sourceTree = "<group>"; };
		3E7EBBAE2610418B00D276AE /* MessageContentViewFactory.swift */ = {isa = PBXFileReference; lastKnownFileType = sourcecode.swift; path = MessageContentViewFactory.swift; sourceTree = "<group>"; };
		3EB99D4525FDFD1100861D74 /* ChatRoom.swift */ = {isa = PBXFileReference; lastKnownFileType = sourcecode.swift; path = ChatRoom.swift; sourceTree = "<group>"; };
		3EB99D4D25FDFF8800861D74 /* ChatRoomPermission.swift */ = {isa = PBXFileReference; lastKnownFileType = sourcecode.swift; path = ChatRoomPermission.swift; sourceTree = "<group>"; };
		3ED4FBB92606260900ADA24A /* StateConstant.swift */ = {isa = PBXFileReference; lastKnownFileType = sourcecode.swift; path = StateConstant.swift; sourceTree = "<group>"; };
		3EFF012D26108318008288C9 /* TextMessageViewModel.swift */ = {isa = PBXFileReference; lastKnownFileType = sourcecode.swift; path = TextMessageViewModel.swift; sourceTree = "<group>"; };
		3EFF013526108434008288C9 /* MediaMessageViewModel.swift */ = {isa = PBXFileReference; lastKnownFileType = sourcecode.swift; path = MediaMessageViewModel.swift; sourceTree = "<group>"; };
		45210D6126074B7900B54155 /* EntryViewModelIntegrationTests.swift */ = {isa = PBXFileReference; lastKnownFileType = sourcecode.swift; path = EntryViewModelIntegrationTests.swift; sourceTree = "<group>"; };
		45210D6926074E9700B54155 /* OnboardingViewModelIntegrationTests.swift */ = {isa = PBXFileReference; lastKnownFileType = sourcecode.swift; path = OnboardingViewModelIntegrationTests.swift; sourceTree = "<group>"; };
		45210D6E26074F4300B54155 /* RegistrationViewModelIntegrationTests.swift */ = {isa = PBXFileReference; lastKnownFileType = sourcecode.swift; path = RegistrationViewModelIntegrationTests.swift; sourceTree = "<group>"; };
		45210D73260754F000B54155 /* LoginViewModelIntegrationTests.swift */ = {isa = PBXFileReference; lastKnownFileType = sourcecode.swift; path = LoginViewModelIntegrationTests.swift; sourceTree = "<group>"; };
		45210D78260755C300B54155 /* ChatRoomViewModelIntegrationTests.swift */ = {isa = PBXFileReference; lastKnownFileType = sourcecode.swift; path = ChatRoomViewModelIntegrationTests.swift; sourceTree = "<group>"; };
		45210D7D2607573800B54155 /* ModuleViewModelIntegrationTests.swift */ = {isa = PBXFileReference; lastKnownFileType = sourcecode.swift; path = ModuleViewModelIntegrationTests.swift; sourceTree = "<group>"; };
		45210D852607582000B54155 /* HomeViewModelIntegrationTests.swift */ = {isa = PBXFileReference; lastKnownFileType = sourcecode.swift; path = HomeViewModelIntegrationTests.swift; sourceTree = "<group>"; };
		45210D8A260758FC00B54155 /* SettingsViewModelIntegrationTests.swift */ = {isa = PBXFileReference; lastKnownFileType = sourcecode.swift; path = SettingsViewModelIntegrationTests.swift; sourceTree = "<group>"; };
		45210D8F26075B1900B54155 /* MessageViewModelTests.swift */ = {isa = PBXFileReference; lastKnownFileType = sourcecode.swift; path = MessageViewModelTests.swift; sourceTree = "<group>"; };
		4585A4722606323000DD5BB0 /* ChatRoomViewModelTests.swift */ = {isa = PBXFileReference; lastKnownFileType = sourcecode.swift; path = ChatRoomViewModelTests.swift; sourceTree = "<group>"; };
		4585A4772606333A00DD5BB0 /* ModuleViewModelTests.swift */ = {isa = PBXFileReference; lastKnownFileType = sourcecode.swift; path = ModuleViewModelTests.swift; sourceTree = "<group>"; };
		4585A47C2606341D00DD5BB0 /* HomeViewModelTests.swift */ = {isa = PBXFileReference; lastKnownFileType = sourcecode.swift; path = HomeViewModelTests.swift; sourceTree = "<group>"; };
		4585A481260634F500DD5BB0 /* SettingsViewModelTests.swift */ = {isa = PBXFileReference; lastKnownFileType = sourcecode.swift; path = SettingsViewModelTests.swift; sourceTree = "<group>"; };
		458E23A32605C0A6006780C7 /* UserTests.swift */ = {isa = PBXFileReference; lastKnownFileType = sourcecode.swift; path = UserTests.swift; sourceTree = "<group>"; };
		458E23DA2605D29A006780C7 /* MessageTests.swift */ = {isa = PBXFileReference; lastKnownFileType = sourcecode.swift; path = MessageTests.swift; sourceTree = "<group>"; };
		458E23E92605DB9E006780C7 /* ChatRoomTests.swift */ = {isa = PBXFileReference; lastKnownFileType = sourcecode.swift; path = ChatRoomTests.swift; sourceTree = "<group>"; };
		458E23F82605EE0B006780C7 /* AppViewModelTests.swift */ = {isa = PBXFileReference; lastKnownFileType = sourcecode.swift; path = AppViewModelTests.swift; sourceTree = "<group>"; };
		458E24102605FA16006780C7 /* RegistrationViewModelTests.swift */ = {isa = PBXFileReference; lastKnownFileType = sourcecode.swift; path = RegistrationViewModelTests.swift; sourceTree = "<group>"; };
		458E24152605FAC2006780C7 /* LoginViewModelTests.swift */ = {isa = PBXFileReference; lastKnownFileType = sourcecode.swift; path = LoginViewModelTests.swift; sourceTree = "<group>"; };
		45D6333225FDE3A900C94D4F /* AppViewModel.swift */ = {isa = PBXFileReference; lastKnownFileType = sourcecode.swift; path = AppViewModel.swift; sourceTree = "<group>"; };
		45D6333825FDE43F00C94D4F /* AppState.swift */ = {isa = PBXFileReference; lastKnownFileType = sourcecode.swift; path = AppState.swift; sourceTree = "<group>"; };
		45D6335125FDF30100C94D4F /* EntryView.swift */ = {isa = PBXFileReference; lastKnownFileType = sourcecode.swift; path = EntryView.swift; sourceTree = "<group>"; };
		45D6335F25FDFF9500C94D4F /* RegistrationViewModel.swift */ = {isa = PBXFileReference; lastKnownFileType = sourcecode.swift; path = RegistrationViewModel.swift; sourceTree = "<group>"; };
		45D6336425FE011200C94D4F /* RegistrationView.swift */ = {isa = PBXFileReference; lastKnownFileType = sourcecode.swift; path = RegistrationView.swift; sourceTree = "<group>"; };
		45D6336E25FE01E900C94D4F /* LoginView.swift */ = {isa = PBXFileReference; lastKnownFileType = sourcecode.swift; path = LoginView.swift; sourceTree = "<group>"; };
		45D6337325FE020000C94D4F /* LoginViewModel.swift */ = {isa = PBXFileReference; lastKnownFileType = sourcecode.swift; path = LoginViewModel.swift; sourceTree = "<group>"; };
		45D6337B25FE07A200C94D4F /* ChatRoomView.swift */ = {isa = PBXFileReference; lastKnownFileType = sourcecode.swift; path = ChatRoomView.swift; sourceTree = "<group>"; };
		45D6338025FE07C200C94D4F /* ChatRoomViewModel.swift */ = {isa = PBXFileReference; lastKnownFileType = sourcecode.swift; path = ChatRoomViewModel.swift; sourceTree = "<group>"; };
		45D6338B25FE0AFE00C94D4F /* HomeView.swift */ = {isa = PBXFileReference; lastKnownFileType = sourcecode.swift; path = HomeView.swift; sourceTree = "<group>"; };
		45D6339025FE0B3400C94D4F /* HomeViewModel.swift */ = {isa = PBXFileReference; lastKnownFileType = sourcecode.swift; path = HomeViewModel.swift; sourceTree = "<group>"; };
		45D633AF25FE151F00C94D4F /* SettingsViewModel.swift */ = {isa = PBXFileReference; lastKnownFileType = sourcecode.swift; path = SettingsViewModel.swift; sourceTree = "<group>"; };
		45D633B425FE154100C94D4F /* SettingsView.swift */ = {isa = PBXFileReference; lastKnownFileType = sourcecode.swift; path = SettingsView.swift; sourceTree = "<group>"; };
		77394B61260C44300068B01F /* FirebaseUserChatRoomModulePairFacade.swift */ = {isa = PBXFileReference; lastKnownFileType = sourcecode.swift; path = FirebaseUserChatRoomModulePairFacade.swift; sourceTree = "<group>"; };
		77394B6C260C44AC0068B01F /* FirebaseUserChatRoomModulePair.swift */ = {isa = PBXFileReference; lastKnownFileType = sourcecode.swift; path = FirebaseUserChatRoomModulePair.swift; sourceTree = "<group>"; };
		77394BB2260D0BCE0068B01F /* FirebaseUserModulePairFacade.swift */ = {isa = PBXFileReference; lastKnownFileType = sourcecode.swift; path = FirebaseUserModulePairFacade.swift; sourceTree = "<group>"; };
		77394BBA260D0BE50068B01F /* FirebaseUserModulePair.swift */ = {isa = PBXFileReference; lastKnownFileType = sourcecode.swift; path = FirebaseUserModulePair.swift; sourceTree = "<group>"; };
		77394BF2260D95C50068B01F /* ModuleList.swift */ = {isa = PBXFileReference; lastKnownFileType = sourcecode.swift; path = ModuleList.swift; sourceTree = "<group>"; };
		77394BFD260D96440068B01F /* FirebaseModuleListFacade.swift */ = {isa = PBXFileReference; lastKnownFileType = sourcecode.swift; path = FirebaseModuleListFacade.swift; sourceTree = "<group>"; };
		77394C02260D97C10068B01F /* ModuleListFacade.swift */ = {isa = PBXFileReference; lastKnownFileType = sourcecode.swift; path = ModuleListFacade.swift; sourceTree = "<group>"; };
		77394C07260D982B0068B01F /* ModuleListFacadeDelegate.swift */ = {isa = PBXFileReference; lastKnownFileType = sourcecode.swift; path = ModuleListFacadeDelegate.swift; sourceTree = "<group>"; };
		775B92162604F8710040B985 /* FirebaseMessageFacade.swift */ = {isa = PBXFileReference; lastKnownFileType = sourcecode.swift; path = FirebaseMessageFacade.swift; sourceTree = "<group>"; };
		775B92312605006D0040B985 /* ChatRoomFacade.swift */ = {isa = PBXFileReference; lastKnownFileType = sourcecode.swift; path = ChatRoomFacade.swift; sourceTree = "<group>"; };
		775B92362605007E0040B985 /* FirebaseChatRoomFacade.swift */ = {isa = PBXFileReference; lastKnownFileType = sourcecode.swift; path = FirebaseChatRoomFacade.swift; sourceTree = "<group>"; };
		775B923B260500880040B985 /* ChatRoomFacadeDelegate.swift */ = {isa = PBXFileReference; lastKnownFileType = sourcecode.swift; path = ChatRoomFacadeDelegate.swift; sourceTree = "<group>"; };
		775CA649260B49D90012C420 /* Module.swift */ = {isa = PBXFileReference; lastKnownFileType = sourcecode.swift; path = Module.swift; sourceTree = "<group>"; };
		775CA651260B4A930012C420 /* ModuleFacadeDelegate.swift */ = {isa = PBXFileReference; lastKnownFileType = sourcecode.swift; path = ModuleFacadeDelegate.swift; sourceTree = "<group>"; };
		775CA659260B4AF30012C420 /* FirebaseModuleFacade.swift */ = {isa = PBXFileReference; lastKnownFileType = sourcecode.swift; path = FirebaseModuleFacade.swift; sourceTree = "<group>"; };
		775CA65E260B4B0E0012C420 /* ModuleFacade.swift */ = {isa = PBXFileReference; lastKnownFileType = sourcecode.swift; path = ModuleFacade.swift; sourceTree = "<group>"; };
		778F08B325FDDA420059C2A0 /* Sweechat.app */ = {isa = PBXFileReference; explicitFileType = wrapper.application; includeInIndex = 0; path = Sweechat.app; sourceTree = BUILT_PRODUCTS_DIR; };
		778F08B625FDDA420059C2A0 /* AppDelegate.swift */ = {isa = PBXFileReference; lastKnownFileType = sourcecode.swift; path = AppDelegate.swift; sourceTree = "<group>"; };
		778F08B825FDDA420059C2A0 /* SceneDelegate.swift */ = {isa = PBXFileReference; lastKnownFileType = sourcecode.swift; path = SceneDelegate.swift; sourceTree = "<group>"; };
		778F08BA25FDDA420059C2A0 /* ContentView.swift */ = {isa = PBXFileReference; lastKnownFileType = sourcecode.swift; path = ContentView.swift; sourceTree = "<group>"; };
		778F08BD25FDDA420059C2A0 /* Sweechat.xcdatamodel */ = {isa = PBXFileReference; lastKnownFileType = wrapper.xcdatamodel; path = Sweechat.xcdatamodel; sourceTree = "<group>"; };
		778F08BF25FDDA470059C2A0 /* Assets.xcassets */ = {isa = PBXFileReference; lastKnownFileType = folder.assetcatalog; path = Assets.xcassets; sourceTree = "<group>"; };
		778F08C225FDDA470059C2A0 /* Preview Assets.xcassets */ = {isa = PBXFileReference; lastKnownFileType = folder.assetcatalog; path = "Preview Assets.xcassets"; sourceTree = "<group>"; };
		778F08C525FDDA470059C2A0 /* Base */ = {isa = PBXFileReference; lastKnownFileType = file.storyboard; name = Base; path = Base.lproj/LaunchScreen.storyboard; sourceTree = "<group>"; };
		778F08C725FDDA470059C2A0 /* Info.plist */ = {isa = PBXFileReference; lastKnownFileType = text.plist.xml; path = Info.plist; sourceTree = "<group>"; };
		778F08CC25FDDA470059C2A0 /* SweechatTests.xctest */ = {isa = PBXFileReference; explicitFileType = wrapper.cfbundle; includeInIndex = 0; path = SweechatTests.xctest; sourceTree = BUILT_PRODUCTS_DIR; };
		778F08D025FDDA470059C2A0 /* SweechatTests.swift */ = {isa = PBXFileReference; lastKnownFileType = sourcecode.swift; path = SweechatTests.swift; sourceTree = "<group>"; };
		778F08D225FDDA470059C2A0 /* Info.plist */ = {isa = PBXFileReference; lastKnownFileType = text.plist.xml; path = Info.plist; sourceTree = "<group>"; };
		778F08D725FDDA470059C2A0 /* SweechatUITests.xctest */ = {isa = PBXFileReference; explicitFileType = wrapper.cfbundle; includeInIndex = 0; path = SweechatUITests.xctest; sourceTree = BUILT_PRODUCTS_DIR; };
		778F08DB25FDDA470059C2A0 /* SweechatUITests.swift */ = {isa = PBXFileReference; lastKnownFileType = sourcecode.swift; path = SweechatUITests.swift; sourceTree = "<group>"; };
		778F08DD25FDDA470059C2A0 /* Info.plist */ = {isa = PBXFileReference; lastKnownFileType = text.plist.xml; path = Info.plist; sourceTree = "<group>"; };
		778F08F225FDEF210059C2A0 /* MessageType.swift */ = {isa = PBXFileReference; fileEncoding = 4; lastKnownFileType = sourcecode.swift; path = MessageType.swift; sourceTree = "<group>"; };
		778F090025FDEFEE0059C2A0 /* Message.swift */ = {isa = PBXFileReference; lastKnownFileType = sourcecode.swift; path = Message.swift; sourceTree = "<group>"; };
		778F090525FDF06F0059C2A0 /* User.swift */ = {isa = PBXFileReference; lastKnownFileType = sourcecode.swift; path = User.swift; sourceTree = "<group>"; };
		9A558504DBAB8F6B215C51D4 /* Pods-Sweechat.debug.xcconfig */ = {isa = PBXFileReference; includeInIndex = 1; lastKnownFileType = text.xcconfig; name = "Pods-Sweechat.debug.xcconfig"; path = "Target Support Files/Pods-Sweechat/Pods-Sweechat.debug.xcconfig"; sourceTree = "<group>"; };
		A3571C2B6EC039D6983CB31F /* Pods-Sweechat.release.xcconfig */ = {isa = PBXFileReference; includeInIndex = 1; lastKnownFileType = text.xcconfig; name = "Pods-Sweechat.release.xcconfig"; path = "Target Support Files/Pods-Sweechat/Pods-Sweechat.release.xcconfig"; sourceTree = "<group>"; };
		FA6DF6279507ACD2ACCA6657 /* Pods_Sweechat.framework */ = {isa = PBXFileReference; explicitFileType = wrapper.framework; includeInIndex = 0; path = Pods_Sweechat.framework; sourceTree = BUILT_PRODUCTS_DIR; };
/* End PBXFileReference section */

/* Begin PBXFrameworksBuildPhase section */
		778F08B025FDDA420059C2A0 /* Frameworks */ = {
			isa = PBXFrameworksBuildPhase;
			buildActionMask = 2147483647;
			files = (
				76A5D4FC134E902BF469689E /* Pods_Sweechat.framework in Frameworks */,
			);
			runOnlyForDeploymentPostprocessing = 0;
		};
		778F08C925FDDA470059C2A0 /* Frameworks */ = {
			isa = PBXFrameworksBuildPhase;
			buildActionMask = 2147483647;
			files = (
			);
			runOnlyForDeploymentPostprocessing = 0;
		};
		778F08D425FDDA470059C2A0 /* Frameworks */ = {
			isa = PBXFrameworksBuildPhase;
			buildActionMask = 2147483647;
			files = (
			);
			runOnlyForDeploymentPostprocessing = 0;
		};
/* End PBXFrameworksBuildPhase section */

/* Begin PBXGroup section */
		2766C904260B0EC80066361F /* Login */ = {
			isa = PBXGroup;
			children = (
				45D6337325FE020000C94D4F /* LoginViewModel.swift */,
				279CBAB5260A3248009A139C /* LoginButtonViewModel.swift */,
			);
			path = Login;
			sourceTree = "<group>";
		};
		2787974B2601E24600124FA3 /* AuthenticationLib */ = {
			isa = PBXGroup;
			children = (
				278797522601E24600124FA3 /* ALAuth.swift */,
				2787974C2601E24600124FA3 /* ALAuthHandlers */,
				278797502601E24600124FA3 /* Utils */,
				278797532601E24600124FA3 /* Delegates */,
			);
			path = AuthenticationLib;
			sourceTree = "<group>";
		};
		2787974C2601E24600124FA3 /* ALAuthHandlers */ = {
			isa = PBXGroup;
			children = (
				2787974D2601E24600124FA3 /* ALGoogleAuthHandler.swift */,
				2787974E2601E24600124FA3 /* ALFacebookAuthHandler.swift */,
				2787974F2601E24600124FA3 /* ALAuthHandler.swift */,
			);
			path = ALAuthHandlers;
			sourceTree = "<group>";
		};
		278797502601E24600124FA3 /* Utils */ = {
			isa = PBXGroup;
			children = (
				278797512601E24600124FA3 /* ALAuthHandlerType.swift */,
				271C3DDF26020E6100E2BCAA /* ALLoginDetails.swift */,
				27A61A7D26047D5800226600 /* ALConstants.swift */,
			);
			path = Utils;
			sourceTree = "<group>";
		};
		278797532601E24600124FA3 /* Delegates */ = {
			isa = PBXGroup;
			children = (
				278797542601E24600124FA3 /* ALAuthDelegate.swift */,
				278797552601E24600124FA3 /* ALAuthHandlerDelegate.swift */,
			);
			path = Delegates;
			sourceTree = "<group>";
		};
		27885832261053A00058ADB2 /* Home */ = {
			isa = PBXGroup;
			children = (
				45D6338B25FE0AFE00C94D4F /* HomeView.swift */,
				2788582A261046480058ADB2 /* AddModuleView.swift */,
				27885836261053ED0058ADB2 /* JoinModuleView.swift */,
				2788584726105DD30058ADB2 /* HomeToolbarView.swift */,
			);
			path = Home;
			sourceTree = "<group>";
		};
		279CBAC5260AD822009A139C /* Utilities */ = {
			isa = PBXGroup;
			children = (
				279CBAC6260AD840009A139C /* LazyNavView.swift */,
				3E746B87260EF8B7008CF3F6 /* ImagePicker.swift */,
				3E74E094261054B200CB344E /* RemoteImage.swift */,
			);
			path = Utilities;
			sourceTree = "<group>";
		};
		279CBACE260AF4B8009A139C /* Login */ = {
			isa = PBXGroup;
			children = (
				45D6336E25FE01E900C94D4F /* LoginView.swift */,
				279CBAB0260A321F009A139C /* LoginButtonView.swift */,
			);
			path = Login;
			sourceTree = "<group>";
		};
		279CBAD2260AF693009A139C /* ChatRoom */ = {
			isa = PBXGroup;
			children = (
				3E7EBBB3261043BA00D276AE /* Message */,
				45D6337B25FE07A200C94D4F /* ChatRoomView.swift */,
			);
			path = ChatRoom;
			sourceTree = "<group>";
		};
		3E591C4D26008B8200226DC2 /* Constants */ = {
			isa = PBXGroup;
			children = (
				3E591C5126008C1A00226DC2 /* DatabaseConstant.swift */,
				3ED4FBB92606260900ADA24A /* StateConstant.swift */,
			);
			path = Constants;
			sourceTree = "<group>";
		};
		3E7EBBB3261043BA00D276AE /* Message */ = {
			isa = PBXGroup;
			children = (
				279503DE2605D55D00D3B743 /* TextMessageContentView.swift */,
				3E74E083261047DC00CB344E /* ImageMessageContentView.swift */,
				3E74E0992610591100CB344E /* MessageView.swift */,
				3E405A70261086A4005F2B49 /* UnsupportedMessageContentView.swift */,
			);
			path = Message;
			sourceTree = "<group>";
		};
		3EB99D4425FDFD0600861D74 /* ChatRoom */ = {
			isa = PBXGroup;
			children = (
				3EB99D4525FDFD1100861D74 /* ChatRoom.swift */,
				3EB99D4D25FDFF8800861D74 /* ChatRoomPermission.swift */,
				775B92312605006D0040B985 /* ChatRoomFacade.swift */,
				775B92362605007E0040B985 /* FirebaseChatRoomFacade.swift */,
				775B923B260500880040B985 /* ChatRoomFacadeDelegate.swift */,
			);
			path = ChatRoom;
			sourceTree = "<group>";
		};
		3EFF012C2610828D008288C9 /* Message */ = {
			isa = PBXGroup;
			children = (
				279503E32605D57600D3B743 /* MessageViewModel.swift */,
				3E74E0A726106F3300CB344E /* MessageContentType.swift */,
				3EFF012D26108318008288C9 /* TextMessageViewModel.swift */,
				3EFF013526108434008288C9 /* MediaMessageViewModel.swift */,
				3E405A75261087EF005F2B49 /* MessageViewModelFactory.swift */,
			);
			path = Message;
			sourceTree = "<group>";
		};
		408D6A2FFB02FFBF2F107B5B /* Frameworks */ = {
			isa = PBXGroup;
			children = (
				FA6DF6279507ACD2ACCA6657 /* Pods_Sweechat.framework */,
			);
			name = Frameworks;
			sourceTree = "<group>";
		};
		45210D5C2607495D00B54155 /* IntegrationTests */ = {
			isa = PBXGroup;
			children = (
				45210D6026074B6400B54155 /* ViewModels */,
			);
			path = IntegrationTests;
			sourceTree = "<group>";
		};
		45210D6026074B6400B54155 /* ViewModels */ = {
			isa = PBXGroup;
			children = (
				45210D6126074B7900B54155 /* EntryViewModelIntegrationTests.swift */,
				45210D6926074E9700B54155 /* OnboardingViewModelIntegrationTests.swift */,
				45210D6E26074F4300B54155 /* RegistrationViewModelIntegrationTests.swift */,
				45210D73260754F000B54155 /* LoginViewModelIntegrationTests.swift */,
				45210D78260755C300B54155 /* ChatRoomViewModelIntegrationTests.swift */,
				45210D7D2607573800B54155 /* ModuleViewModelIntegrationTests.swift */,
				45210D852607582000B54155 /* HomeViewModelIntegrationTests.swift */,
				45210D8A260758FC00B54155 /* SettingsViewModelIntegrationTests.swift */,
			);
			path = ViewModels;
			sourceTree = "<group>";
		};
		458E23A02605BF52006780C7 /* UnitTests */ = {
			isa = PBXGroup;
			children = (
				458E23F72605EDFA006780C7 /* ViewModels */,
				458E23A12605BF6E006780C7 /* Models */,
			);
			path = UnitTests;
			sourceTree = "<group>";
		};
		458E23A12605BF6E006780C7 /* Models */ = {
			isa = PBXGroup;
			children = (
				458E23E82605DB38006780C7 /* ChatRoom */,
				458E23D92605D253006780C7 /* Message */,
				458E23A22605BF7D006780C7 /* User */,
			);
			path = Models;
			sourceTree = "<group>";
		};
		458E23A22605BF7D006780C7 /* User */ = {
			isa = PBXGroup;
			children = (
				458E23A32605C0A6006780C7 /* UserTests.swift */,
			);
			path = User;
			sourceTree = "<group>";
		};
		458E23D92605D253006780C7 /* Message */ = {
			isa = PBXGroup;
			children = (
				458E23DA2605D29A006780C7 /* MessageTests.swift */,
			);
			path = Message;
			sourceTree = "<group>";
		};
		458E23E82605DB38006780C7 /* ChatRoom */ = {
			isa = PBXGroup;
			children = (
				458E23E92605DB9E006780C7 /* ChatRoomTests.swift */,
			);
			path = ChatRoom;
			sourceTree = "<group>";
		};
		458E23F72605EDFA006780C7 /* ViewModels */ = {
			isa = PBXGroup;
			children = (
				458E23F82605EE0B006780C7 /* AppViewModelTests.swift */,
				458E24102605FA16006780C7 /* RegistrationViewModelTests.swift */,
				458E24152605FAC2006780C7 /* LoginViewModelTests.swift */,
				4585A4722606323000DD5BB0 /* ChatRoomViewModelTests.swift */,
				4585A4772606333A00DD5BB0 /* ModuleViewModelTests.swift */,
				4585A47C2606341D00DD5BB0 /* HomeViewModelTests.swift */,
				4585A481260634F500DD5BB0 /* SettingsViewModelTests.swift */,
				45210D8F26075B1900B54155 /* MessageViewModelTests.swift */,
			);
			path = ViewModels;
			sourceTree = "<group>";
		};
		45D6332225FDE2A700C94D4F /* Views */ = {
			isa = PBXGroup;
			children = (
				27885832261053A00058ADB2 /* Home */,
				279CBAD2260AF693009A139C /* ChatRoom */,
				279CBACE260AF4B8009A139C /* Login */,
				279CBAC5260AD822009A139C /* Utilities */,
				778F08BA25FDDA420059C2A0 /* ContentView.swift */,
				45D6335125FDF30100C94D4F /* EntryView.swift */,
				45D6336425FE011200C94D4F /* RegistrationView.swift */,
				3E47F81C25FE0E3200861721 /* ModuleView.swift */,
				45D633B425FE154100C94D4F /* SettingsView.swift */,
				2777FADB260C771D00961FAF /* ChatRoomViewFactory.swift */,
				3E7EBBAE2610418B00D276AE /* MessageContentViewFactory.swift */,
			);
			path = Views;
			sourceTree = "<group>";
		};
		45D6332325FDE2AC00C94D4F /* ViewModels */ = {
			isa = PBXGroup;
			children = (
				3EFF012C2610828D008288C9 /* Message */,
				2766C904260B0EC80066361F /* Login */,
				45D6333225FDE3A900C94D4F /* AppViewModel.swift */,
				45D6335F25FDFF9500C94D4F /* RegistrationViewModel.swift */,
				45D6338025FE07C200C94D4F /* ChatRoomViewModel.swift */,
				3E47F82125FE0E9E00861721 /* ModuleViewModel.swift */,
				45D6339025FE0B3400C94D4F /* HomeViewModel.swift */,
				45D633AF25FE151F00C94D4F /* SettingsViewModel.swift */,
				2777FAE0260C7C6700961FAF /* ChatRoomType.swift */,
			);
			path = ViewModels;
			sourceTree = "<group>";
		};
		45D6332425FDE2B100C94D4F /* Models */ = {
			isa = PBXGroup;
			children = (
				77394BF1260D95590068B01F /* ModuleList */,
				77394BEA260D94B60068B01F /* FirebaseUserChatRoomModulePair */,
				77394BE1260D947D0068B01F /* FirebaseUserModulePair */,
				775CA648260B49700012C420 /* Module */,
				2787974B2601E24600124FA3 /* AuthenticationLib */,
				3EB99D4425FDFD0600861D74 /* ChatRoom */,
				778F090A25FDF07A0059C2A0 /* User */,
				778F08FF25FDEFCE0059C2A0 /* Message */,
			);
			path = Models;
			sourceTree = "<group>";
		};
		45D6333725FDE42B00C94D4F /* Utilities */ = {
			isa = PBXGroup;
			children = (
				45D6333825FDE43F00C94D4F /* AppState.swift */,
				3E746B5A260ED4DE008CF3F6 /* FirebaseUtils.swift */,
			);
			path = Utilities;
			sourceTree = "<group>";
		};
		4EBC4485A6D3D8BBE0CC43DF /* Pods */ = {
			isa = PBXGroup;
			children = (
				9A558504DBAB8F6B215C51D4 /* Pods-Sweechat.debug.xcconfig */,
				A3571C2B6EC039D6983CB31F /* Pods-Sweechat.release.xcconfig */,
			);
			path = Pods;
			sourceTree = "<group>";
		};
		77394BE1260D947D0068B01F /* FirebaseUserModulePair */ = {
			isa = PBXGroup;
			children = (
				77394BB2260D0BCE0068B01F /* FirebaseUserModulePairFacade.swift */,
				77394BBA260D0BE50068B01F /* FirebaseUserModulePair.swift */,
			);
			path = FirebaseUserModulePair;
			sourceTree = "<group>";
		};
		77394BEA260D94B60068B01F /* FirebaseUserChatRoomModulePair */ = {
			isa = PBXGroup;
			children = (
				77394B61260C44300068B01F /* FirebaseUserChatRoomModulePairFacade.swift */,
				77394B6C260C44AC0068B01F /* FirebaseUserChatRoomModulePair.swift */,
			);
			path = FirebaseUserChatRoomModulePair;
			sourceTree = "<group>";
		};
		77394BF1260D95590068B01F /* ModuleList */ = {
			isa = PBXGroup;
			children = (
				77394BF2260D95C50068B01F /* ModuleList.swift */,
				77394BFD260D96440068B01F /* FirebaseModuleListFacade.swift */,
				77394C02260D97C10068B01F /* ModuleListFacade.swift */,
				77394C07260D982B0068B01F /* ModuleListFacadeDelegate.swift */,
			);
			path = ModuleList;
			sourceTree = "<group>";
		};
		775CA648260B49700012C420 /* Module */ = {
			isa = PBXGroup;
			children = (
				775CA649260B49D90012C420 /* Module.swift */,
				775CA651260B4A930012C420 /* ModuleFacadeDelegate.swift */,
				775CA659260B4AF30012C420 /* FirebaseModuleFacade.swift */,
				775CA65E260B4B0E0012C420 /* ModuleFacade.swift */,
			);
			path = Module;
			sourceTree = "<group>";
		};
		778F08AA25FDDA420059C2A0 = {
			isa = PBXGroup;
			children = (
				778F08B525FDDA420059C2A0 /* Sweechat */,
				778F08CF25FDDA470059C2A0 /* SweechatTests */,
				778F08DA25FDDA470059C2A0 /* SweechatUITests */,
				778F08B425FDDA420059C2A0 /* Products */,
				4EBC4485A6D3D8BBE0CC43DF /* Pods */,
				408D6A2FFB02FFBF2F107B5B /* Frameworks */,
			);
			sourceTree = "<group>";
		};
		778F08B425FDDA420059C2A0 /* Products */ = {
			isa = PBXGroup;
			children = (
				778F08B325FDDA420059C2A0 /* Sweechat.app */,
				778F08CC25FDDA470059C2A0 /* SweechatTests.xctest */,
				778F08D725FDDA470059C2A0 /* SweechatUITests.xctest */,
			);
			name = Products;
			sourceTree = "<group>";
		};
		778F08B525FDDA420059C2A0 /* Sweechat */ = {
			isa = PBXGroup;
			children = (
				3E591C4D26008B8200226DC2 /* Constants */,
				45D6332425FDE2B100C94D4F /* Models */,
				45D6332225FDE2A700C94D4F /* Views */,
				45D6332325FDE2AC00C94D4F /* ViewModels */,
				45D6333725FDE42B00C94D4F /* Utilities */,
				778F08B625FDDA420059C2A0 /* AppDelegate.swift */,
				778F08B825FDDA420059C2A0 /* SceneDelegate.swift */,
				778F08BF25FDDA470059C2A0 /* Assets.xcassets */,
				778F08C425FDDA470059C2A0 /* LaunchScreen.storyboard */,
				778F08C725FDDA470059C2A0 /* Info.plist */,
				2709F99325FE1AE30068D2C0 /* GoogleService-Info.plist */,
				778F08BC25FDDA420059C2A0 /* Sweechat.xcdatamodeld */,
				778F08C125FDDA470059C2A0 /* Preview Content */,
			);
			path = Sweechat;
			sourceTree = "<group>";
		};
		778F08C125FDDA470059C2A0 /* Preview Content */ = {
			isa = PBXGroup;
			children = (
				778F08C225FDDA470059C2A0 /* Preview Assets.xcassets */,
			);
			path = "Preview Content";
			sourceTree = "<group>";
		};
		778F08CF25FDDA470059C2A0 /* SweechatTests */ = {
			isa = PBXGroup;
			children = (
				45210D5C2607495D00B54155 /* IntegrationTests */,
				458E23A02605BF52006780C7 /* UnitTests */,
				778F08D025FDDA470059C2A0 /* SweechatTests.swift */,
				778F08D225FDDA470059C2A0 /* Info.plist */,
			);
			path = SweechatTests;
			sourceTree = "<group>";
		};
		778F08DA25FDDA470059C2A0 /* SweechatUITests */ = {
			isa = PBXGroup;
			children = (
				778F08DB25FDDA470059C2A0 /* SweechatUITests.swift */,
				778F08DD25FDDA470059C2A0 /* Info.plist */,
			);
			path = SweechatUITests;
			sourceTree = "<group>";
		};
		778F08FF25FDEFCE0059C2A0 /* Message */ = {
			isa = PBXGroup;
			children = (
				778F090025FDEFEE0059C2A0 /* Message.swift */,
				778F08F225FDEF210059C2A0 /* MessageType.swift */,
				775B92162604F8710040B985 /* FirebaseMessageFacade.swift */,
			);
			path = Message;
			sourceTree = "<group>";
		};
		778F090A25FDF07A0059C2A0 /* User */ = {
			isa = PBXGroup;
			children = (
				778F090525FDF06F0059C2A0 /* User.swift */,
				27A61A6326046ACF00226600 /* UserFacade.swift */,
				27A61A6826046AEB00226600 /* FirebaseUserFacade.swift */,
				27A61A7526046E7F00226600 /* UserFacadeDelegate.swift */,
			);
			path = User;
			sourceTree = "<group>";
		};
/* End PBXGroup section */

/* Begin PBXNativeTarget section */
		778F08B225FDDA420059C2A0 /* Sweechat */ = {
			isa = PBXNativeTarget;
			buildConfigurationList = 778F08E025FDDA470059C2A0 /* Build configuration list for PBXNativeTarget "Sweechat" */;
			buildPhases = (
				6E094DE32AD7DCCB8F0ABBE4 /* [CP] Check Pods Manifest.lock */,
				778F08AF25FDDA420059C2A0 /* Sources */,
				778F08B025FDDA420059C2A0 /* Frameworks */,
				778F08B125FDDA420059C2A0 /* Resources */,
				45D633A525FE0D1B00C94D4F /* ShellScript */,
				A3448E1F0CEDA9C08DD14525 /* [CP] Embed Pods Frameworks */,
				7FDD8C0D7E6143D8139C0A61 /* [CP] Copy Pods Resources */,
			);
			buildRules = (
			);
			dependencies = (
			);
			name = Sweechat;
			productName = Sweechat;
			productReference = 778F08B325FDDA420059C2A0 /* Sweechat.app */;
			productType = "com.apple.product-type.application";
		};
		778F08CB25FDDA470059C2A0 /* SweechatTests */ = {
			isa = PBXNativeTarget;
			buildConfigurationList = 778F08E325FDDA470059C2A0 /* Build configuration list for PBXNativeTarget "SweechatTests" */;
			buildPhases = (
				778F08C825FDDA470059C2A0 /* Sources */,
				778F08C925FDDA470059C2A0 /* Frameworks */,
				778F08CA25FDDA470059C2A0 /* Resources */,
			);
			buildRules = (
			);
			dependencies = (
				778F08CE25FDDA470059C2A0 /* PBXTargetDependency */,
			);
			name = SweechatTests;
			productName = SweechatTests;
			productReference = 778F08CC25FDDA470059C2A0 /* SweechatTests.xctest */;
			productType = "com.apple.product-type.bundle.unit-test";
		};
		778F08D625FDDA470059C2A0 /* SweechatUITests */ = {
			isa = PBXNativeTarget;
			buildConfigurationList = 778F08E625FDDA470059C2A0 /* Build configuration list for PBXNativeTarget "SweechatUITests" */;
			buildPhases = (
				778F08D325FDDA470059C2A0 /* Sources */,
				778F08D425FDDA470059C2A0 /* Frameworks */,
				778F08D525FDDA470059C2A0 /* Resources */,
			);
			buildRules = (
			);
			dependencies = (
				778F08D925FDDA470059C2A0 /* PBXTargetDependency */,
			);
			name = SweechatUITests;
			productName = SweechatUITests;
			productReference = 778F08D725FDDA470059C2A0 /* SweechatUITests.xctest */;
			productType = "com.apple.product-type.bundle.ui-testing";
		};
/* End PBXNativeTarget section */

/* Begin PBXProject section */
		778F08AB25FDDA420059C2A0 /* Project object */ = {
			isa = PBXProject;
			attributes = {
				LastSwiftUpdateCheck = 1240;
				LastUpgradeCheck = 1240;
				TargetAttributes = {
					778F08B225FDDA420059C2A0 = {
						CreatedOnToolsVersion = 12.4;
					};
					778F08CB25FDDA470059C2A0 = {
						CreatedOnToolsVersion = 12.4;
						TestTargetID = 778F08B225FDDA420059C2A0;
					};
					778F08D625FDDA470059C2A0 = {
						CreatedOnToolsVersion = 12.4;
						TestTargetID = 778F08B225FDDA420059C2A0;
					};
				};
			};
			buildConfigurationList = 778F08AE25FDDA420059C2A0 /* Build configuration list for PBXProject "Sweechat" */;
			compatibilityVersion = "Xcode 9.3";
			developmentRegion = en;
			hasScannedForEncodings = 0;
			knownRegions = (
				en,
				Base,
			);
			mainGroup = 778F08AA25FDDA420059C2A0;
			productRefGroup = 778F08B425FDDA420059C2A0 /* Products */;
			projectDirPath = "";
			projectRoot = "";
			targets = (
				778F08B225FDDA420059C2A0 /* Sweechat */,
				778F08CB25FDDA470059C2A0 /* SweechatTests */,
				778F08D625FDDA470059C2A0 /* SweechatUITests */,
			);
		};
/* End PBXProject section */

/* Begin PBXResourcesBuildPhase section */
		778F08B125FDDA420059C2A0 /* Resources */ = {
			isa = PBXResourcesBuildPhase;
			buildActionMask = 2147483647;
			files = (
				778F08C625FDDA470059C2A0 /* LaunchScreen.storyboard in Resources */,
				778F08C325FDDA470059C2A0 /* Preview Assets.xcassets in Resources */,
				778F08C025FDDA470059C2A0 /* Assets.xcassets in Resources */,
				2709F99425FE1AE30068D2C0 /* GoogleService-Info.plist in Resources */,
			);
			runOnlyForDeploymentPostprocessing = 0;
		};
		778F08CA25FDDA470059C2A0 /* Resources */ = {
			isa = PBXResourcesBuildPhase;
			buildActionMask = 2147483647;
			files = (
			);
			runOnlyForDeploymentPostprocessing = 0;
		};
		778F08D525FDDA470059C2A0 /* Resources */ = {
			isa = PBXResourcesBuildPhase;
			buildActionMask = 2147483647;
			files = (
			);
			runOnlyForDeploymentPostprocessing = 0;
		};
/* End PBXResourcesBuildPhase section */

/* Begin PBXShellScriptBuildPhase section */
		45D633A525FE0D1B00C94D4F /* ShellScript */ = {
			isa = PBXShellScriptBuildPhase;
			buildActionMask = 2147483647;
			files = (
			);
			inputFileListPaths = (
			);
			inputPaths = (
			);
			outputFileListPaths = (
			);
			outputPaths = (
			);
			runOnlyForDeploymentPostprocessing = 0;
			shellPath = /bin/sh;
			shellScript = "if which swiftlint >/dev/null; then\n  swiftlint && swiftlint autocorrect\nelse\n  echo \"warning: SwiftLint not installed, download from https://github.com/realm/SwiftLint\"\nfi\n";
		};
		6E094DE32AD7DCCB8F0ABBE4 /* [CP] Check Pods Manifest.lock */ = {
			isa = PBXShellScriptBuildPhase;
			buildActionMask = 2147483647;
			files = (
			);
			inputFileListPaths = (
			);
			inputPaths = (
				"${PODS_PODFILE_DIR_PATH}/Podfile.lock",
				"${PODS_ROOT}/Manifest.lock",
			);
			name = "[CP] Check Pods Manifest.lock";
			outputFileListPaths = (
			);
			outputPaths = (
				"$(DERIVED_FILE_DIR)/Pods-Sweechat-checkManifestLockResult.txt",
			);
			runOnlyForDeploymentPostprocessing = 0;
			shellPath = /bin/sh;
			shellScript = "diff \"${PODS_PODFILE_DIR_PATH}/Podfile.lock\" \"${PODS_ROOT}/Manifest.lock\" > /dev/null\nif [ $? != 0 ] ; then\n    # print error to STDERR\n    echo \"error: The sandbox is not in sync with the Podfile.lock. Run 'pod install' or update your CocoaPods installation.\" >&2\n    exit 1\nfi\n# This output is used by Xcode 'outputs' to avoid re-running this script phase.\necho \"SUCCESS\" > \"${SCRIPT_OUTPUT_FILE_0}\"\n";
			showEnvVarsInLog = 0;
		};
		7FDD8C0D7E6143D8139C0A61 /* [CP] Copy Pods Resources */ = {
			isa = PBXShellScriptBuildPhase;
			buildActionMask = 2147483647;
			files = (
			);
			inputFileListPaths = (
				"${PODS_ROOT}/Target Support Files/Pods-Sweechat/Pods-Sweechat-resources-${CONFIGURATION}-input-files.xcfilelist",
			);
			name = "[CP] Copy Pods Resources";
			outputFileListPaths = (
				"${PODS_ROOT}/Target Support Files/Pods-Sweechat/Pods-Sweechat-resources-${CONFIGURATION}-output-files.xcfilelist",
			);
			runOnlyForDeploymentPostprocessing = 0;
			shellPath = /bin/sh;
			shellScript = "\"${PODS_ROOT}/Target Support Files/Pods-Sweechat/Pods-Sweechat-resources.sh\"\n";
			showEnvVarsInLog = 0;
		};
		A3448E1F0CEDA9C08DD14525 /* [CP] Embed Pods Frameworks */ = {
			isa = PBXShellScriptBuildPhase;
			buildActionMask = 2147483647;
			files = (
			);
			inputFileListPaths = (
				"${PODS_ROOT}/Target Support Files/Pods-Sweechat/Pods-Sweechat-frameworks-${CONFIGURATION}-input-files.xcfilelist",
			);
			name = "[CP] Embed Pods Frameworks";
			outputFileListPaths = (
				"${PODS_ROOT}/Target Support Files/Pods-Sweechat/Pods-Sweechat-frameworks-${CONFIGURATION}-output-files.xcfilelist",
			);
			runOnlyForDeploymentPostprocessing = 0;
			shellPath = /bin/sh;
			shellScript = "\"${PODS_ROOT}/Target Support Files/Pods-Sweechat/Pods-Sweechat-frameworks.sh\"\n";
			showEnvVarsInLog = 0;
		};
/* End PBXShellScriptBuildPhase section */

/* Begin PBXSourcesBuildPhase section */
		778F08AF25FDDA420059C2A0 /* Sources */ = {
			isa = PBXSourcesBuildPhase;
			buildActionMask = 2147483647;
			files = (
				3E47F81D25FE0E3200861721 /* ModuleView.swift in Sources */,
				279CBAC7260AD840009A139C /* LazyNavView.swift in Sources */,
				778F090625FDF06F0059C2A0 /* User.swift in Sources */,
				27A61A6426046ACF00226600 /* UserFacade.swift in Sources */,
				2777FAE1260C7C6700961FAF /* ChatRoomType.swift in Sources */,
				3E74E0A826106F3400CB344E /* MessageContentType.swift in Sources */,
				271C3DE026020E6100E2BCAA /* ALLoginDetails.swift in Sources */,
				775B92322605006D0040B985 /* ChatRoomFacade.swift in Sources */,
				45D6336025FDFF9500C94D4F /* RegistrationViewModel.swift in Sources */,
				778F08B725FDDA420059C2A0 /* AppDelegate.swift in Sources */,
				45D6336525FE011200C94D4F /* RegistrationView.swift in Sources */,
				3EFF012E26108318008288C9 /* TextMessageViewModel.swift in Sources */,
				77394BBB260D0BE50068B01F /* FirebaseUserModulePair.swift in Sources */,
				278797572601E24600124FA3 /* ALFacebookAuthHandler.swift in Sources */,
				77394C03260D97C10068B01F /* ModuleListFacade.swift in Sources */,
				775CA652260B4A930012C420 /* ModuleFacadeDelegate.swift in Sources */,
				27A61A6926046AEB00226600 /* FirebaseUserFacade.swift in Sources */,
				3E74E095261054B200CB344E /* RemoteImage.swift in Sources */,
				45D6337C25FE07A200C94D4F /* ChatRoomView.swift in Sources */,
				775B92372605007E0040B985 /* FirebaseChatRoomFacade.swift in Sources */,
				3E74E09A2610591100CB344E /* MessageView.swift in Sources */,
				45D6333325FDE3A900C94D4F /* AppViewModel.swift in Sources */,
				77394B6D260C44AC0068B01F /* FirebaseUserChatRoomModulePair.swift in Sources */,
				77394BF3260D95C50068B01F /* ModuleList.swift in Sources */,
				3EB99D4E25FDFF8800861D74 /* ChatRoomPermission.swift in Sources */,
				2777FADC260C771D00961FAF /* ChatRoomViewFactory.swift in Sources */,
				3EB99D4625FDFD1100861D74 /* ChatRoom.swift in Sources */,
				775CA64A260B49D90012C420 /* Module.swift in Sources */,
				775CA65F260B4B0E0012C420 /* ModuleFacade.swift in Sources */,
				27A61A7626046E7F00226600 /* UserFacadeDelegate.swift in Sources */,
				45D6339125FE0B3400C94D4F /* HomeViewModel.swift in Sources */,
				45D6333925FDE43F00C94D4F /* AppState.swift in Sources */,
				2788582B261046480058ADB2 /* AddModuleView.swift in Sources */,
				778F08BE25FDDA420059C2A0 /* Sweechat.xcdatamodeld in Sources */,
				27885837261053ED0058ADB2 /* JoinModuleView.swift in Sources */,
				279503E42605D57600D3B743 /* MessageViewModel.swift in Sources */,
				775B923C260500880040B985 /* ChatRoomFacadeDelegate.swift in Sources */,
				27A61A7E26047D5800226600 /* ALConstants.swift in Sources */,
				775B92172604F8710040B985 /* FirebaseMessageFacade.swift in Sources */,
				45D6338C25FE0AFE00C94D4F /* HomeView.swift in Sources */,
				278797592601E24600124FA3 /* ALAuthHandlerType.swift in Sources */,
				45D633B025FE151F00C94D4F /* SettingsViewModel.swift in Sources */,
				77394BB3260D0BCE0068B01F /* FirebaseUserModulePairFacade.swift in Sources */,
				778F08F525FDEF210059C2A0 /* MessageType.swift in Sources */,
				3E746B5B260ED4DE008CF3F6 /* FirebaseUtils.swift in Sources */,
				278797562601E24600124FA3 /* ALGoogleAuthHandler.swift in Sources */,
				77394C08260D982B0068B01F /* ModuleListFacadeDelegate.swift in Sources */,
				778F08B925FDDA420059C2A0 /* SceneDelegate.swift in Sources */,
				3E405A71261086A4005F2B49 /* UnsupportedMessageContentView.swift in Sources */,
				279CBAB6260A3248009A139C /* LoginButtonViewModel.swift in Sources */,
				3E7EBBAF2610418B00D276AE /* MessageContentViewFactory.swift in Sources */,
				45D6338125FE07C200C94D4F /* ChatRoomViewModel.swift in Sources */,
				3E591C5226008C1A00226DC2 /* DatabaseConstant.swift in Sources */,
				778F090125FDEFEE0059C2A0 /* Message.swift in Sources */,
				2787975B2601E24600124FA3 /* ALAuthDelegate.swift in Sources */,
				45D633B525FE154100C94D4F /* SettingsView.swift in Sources */,
				3E47F82225FE0E9E00861721 /* ModuleViewModel.swift in Sources */,
				3E405A76261087EF005F2B49 /* MessageViewModelFactory.swift in Sources */,
				3E746B88260EF8B7008CF3F6 /* ImagePicker.swift in Sources */,
				77394B62260C44300068B01F /* FirebaseUserChatRoomModulePairFacade.swift in Sources */,
				3EFF013626108434008288C9 /* MediaMessageViewModel.swift in Sources */,
				3E74E084261047DC00CB344E /* ImageMessageContentView.swift in Sources */,
				2787975C2601E24600124FA3 /* ALAuthHandlerDelegate.swift in Sources */,
				778F08BB25FDDA420059C2A0 /* ContentView.swift in Sources */,
				45D6336F25FE01E900C94D4F /* LoginView.swift in Sources */,
				45D6335225FDF30100C94D4F /* EntryView.swift in Sources */,
				2788584826105DD30058ADB2 /* HomeToolbarView.swift in Sources */,
				3ED4FBBA2606260900ADA24A /* StateConstant.swift in Sources */,
				279503DF2605D55D00D3B743 /* TextMessageContentView.swift in Sources */,
				77394BFE260D96440068B01F /* FirebaseModuleListFacade.swift in Sources */,
				775CA65A260B4AF30012C420 /* FirebaseModuleFacade.swift in Sources */,
				45D6337425FE020000C94D4F /* LoginViewModel.swift in Sources */,
				279CBAB1260A321F009A139C /* LoginButtonView.swift in Sources */,
				2787975A2601E24600124FA3 /* ALAuth.swift in Sources */,
				278797582601E24600124FA3 /* ALAuthHandler.swift in Sources */,
			);
			runOnlyForDeploymentPostprocessing = 0;
		};
		778F08C825FDDA470059C2A0 /* Sources */ = {
			isa = PBXSourcesBuildPhase;
			buildActionMask = 2147483647;
			files = (
				4585A4782606333A00DD5BB0 /* ModuleViewModelTests.swift in Sources */,
				45210D8B260758FC00B54155 /* SettingsViewModelIntegrationTests.swift in Sources */,
				458E23A42605C0A6006780C7 /* UserTests.swift in Sources */,
				45210D862607582000B54155 /* HomeViewModelIntegrationTests.swift in Sources */,
				45210D6A26074E9700B54155 /* OnboardingViewModelIntegrationTests.swift in Sources */,
				45210D6F26074F4300B54155 /* RegistrationViewModelIntegrationTests.swift in Sources */,
				458E24112605FA16006780C7 /* RegistrationViewModelTests.swift in Sources */,
				458E24162605FAC2006780C7 /* LoginViewModelTests.swift in Sources */,
				458E23DB2605D29A006780C7 /* MessageTests.swift in Sources */,
				45210D74260754F000B54155 /* LoginViewModelIntegrationTests.swift in Sources */,
				458E23EA2605DB9E006780C7 /* ChatRoomTests.swift in Sources */,
				778F08D125FDDA470059C2A0 /* SweechatTests.swift in Sources */,
				45210D7E2607573800B54155 /* ModuleViewModelIntegrationTests.swift in Sources */,
				45210D6226074B7900B54155 /* EntryViewModelIntegrationTests.swift in Sources */,
				45210D79260755C300B54155 /* ChatRoomViewModelIntegrationTests.swift in Sources */,
				4585A4732606323000DD5BB0 /* ChatRoomViewModelTests.swift in Sources */,
				458E23F92605EE0B006780C7 /* AppViewModelTests.swift in Sources */,
				45210D9026075B1900B54155 /* MessageViewModelTests.swift in Sources */,
				4585A482260634F500DD5BB0 /* SettingsViewModelTests.swift in Sources */,
				4585A47D2606341D00DD5BB0 /* HomeViewModelTests.swift in Sources */,
			);
			runOnlyForDeploymentPostprocessing = 0;
		};
		778F08D325FDDA470059C2A0 /* Sources */ = {
			isa = PBXSourcesBuildPhase;
			buildActionMask = 2147483647;
			files = (
				778F08DC25FDDA470059C2A0 /* SweechatUITests.swift in Sources */,
			);
			runOnlyForDeploymentPostprocessing = 0;
		};
/* End PBXSourcesBuildPhase section */

/* Begin PBXTargetDependency section */
		778F08CE25FDDA470059C2A0 /* PBXTargetDependency */ = {
			isa = PBXTargetDependency;
			target = 778F08B225FDDA420059C2A0 /* Sweechat */;
			targetProxy = 778F08CD25FDDA470059C2A0 /* PBXContainerItemProxy */;
		};
		778F08D925FDDA470059C2A0 /* PBXTargetDependency */ = {
			isa = PBXTargetDependency;
			target = 778F08B225FDDA420059C2A0 /* Sweechat */;
			targetProxy = 778F08D825FDDA470059C2A0 /* PBXContainerItemProxy */;
		};
/* End PBXTargetDependency section */

/* Begin PBXVariantGroup section */
		778F08C425FDDA470059C2A0 /* LaunchScreen.storyboard */ = {
			isa = PBXVariantGroup;
			children = (
				778F08C525FDDA470059C2A0 /* Base */,
			);
			name = LaunchScreen.storyboard;
			sourceTree = "<group>";
		};
/* End PBXVariantGroup section */

/* Begin XCBuildConfiguration section */
		778F08DE25FDDA470059C2A0 /* Debug */ = {
			isa = XCBuildConfiguration;
			buildSettings = {
				ALWAYS_SEARCH_USER_PATHS = NO;
				CLANG_ANALYZER_NONNULL = YES;
				CLANG_ANALYZER_NUMBER_OBJECT_CONVERSION = YES_AGGRESSIVE;
				CLANG_CXX_LANGUAGE_STANDARD = "gnu++14";
				CLANG_CXX_LIBRARY = "libc++";
				CLANG_ENABLE_MODULES = YES;
				CLANG_ENABLE_OBJC_ARC = YES;
				CLANG_ENABLE_OBJC_WEAK = YES;
				CLANG_WARN_BLOCK_CAPTURE_AUTORELEASING = YES;
				CLANG_WARN_BOOL_CONVERSION = YES;
				CLANG_WARN_COMMA = YES;
				CLANG_WARN_CONSTANT_CONVERSION = YES;
				CLANG_WARN_DEPRECATED_OBJC_IMPLEMENTATIONS = YES;
				CLANG_WARN_DIRECT_OBJC_ISA_USAGE = YES_ERROR;
				CLANG_WARN_DOCUMENTATION_COMMENTS = YES;
				CLANG_WARN_EMPTY_BODY = YES;
				CLANG_WARN_ENUM_CONVERSION = YES;
				CLANG_WARN_INFINITE_RECURSION = YES;
				CLANG_WARN_INT_CONVERSION = YES;
				CLANG_WARN_NON_LITERAL_NULL_CONVERSION = YES;
				CLANG_WARN_OBJC_IMPLICIT_RETAIN_SELF = YES;
				CLANG_WARN_OBJC_LITERAL_CONVERSION = YES;
				CLANG_WARN_OBJC_ROOT_CLASS = YES_ERROR;
				CLANG_WARN_QUOTED_INCLUDE_IN_FRAMEWORK_HEADER = YES;
				CLANG_WARN_RANGE_LOOP_ANALYSIS = YES;
				CLANG_WARN_STRICT_PROTOTYPES = YES;
				CLANG_WARN_SUSPICIOUS_MOVE = YES;
				CLANG_WARN_UNGUARDED_AVAILABILITY = YES_AGGRESSIVE;
				CLANG_WARN_UNREACHABLE_CODE = YES;
				CLANG_WARN__DUPLICATE_METHOD_MATCH = YES;
				COPY_PHASE_STRIP = NO;
				DEBUG_INFORMATION_FORMAT = dwarf;
				ENABLE_STRICT_OBJC_MSGSEND = YES;
				ENABLE_TESTABILITY = YES;
				GCC_C_LANGUAGE_STANDARD = gnu11;
				GCC_DYNAMIC_NO_PIC = NO;
				GCC_NO_COMMON_BLOCKS = YES;
				GCC_OPTIMIZATION_LEVEL = 0;
				GCC_PREPROCESSOR_DEFINITIONS = (
					"DEBUG=1",
					"$(inherited)",
				);
				GCC_WARN_64_TO_32_BIT_CONVERSION = YES;
				GCC_WARN_ABOUT_RETURN_TYPE = YES_ERROR;
				GCC_WARN_UNDECLARED_SELECTOR = YES;
				GCC_WARN_UNINITIALIZED_AUTOS = YES_AGGRESSIVE;
				GCC_WARN_UNUSED_FUNCTION = YES;
				GCC_WARN_UNUSED_VARIABLE = YES;
				IPHONEOS_DEPLOYMENT_TARGET = 14.4;
				MTL_ENABLE_DEBUG_INFO = INCLUDE_SOURCE;
				MTL_FAST_MATH = YES;
				ONLY_ACTIVE_ARCH = YES;
				SDKROOT = iphoneos;
				SWIFT_ACTIVE_COMPILATION_CONDITIONS = DEBUG;
				SWIFT_OPTIMIZATION_LEVEL = "-Onone";
			};
			name = Debug;
		};
		778F08DF25FDDA470059C2A0 /* Release */ = {
			isa = XCBuildConfiguration;
			buildSettings = {
				ALWAYS_SEARCH_USER_PATHS = NO;
				CLANG_ANALYZER_NONNULL = YES;
				CLANG_ANALYZER_NUMBER_OBJECT_CONVERSION = YES_AGGRESSIVE;
				CLANG_CXX_LANGUAGE_STANDARD = "gnu++14";
				CLANG_CXX_LIBRARY = "libc++";
				CLANG_ENABLE_MODULES = YES;
				CLANG_ENABLE_OBJC_ARC = YES;
				CLANG_ENABLE_OBJC_WEAK = YES;
				CLANG_WARN_BLOCK_CAPTURE_AUTORELEASING = YES;
				CLANG_WARN_BOOL_CONVERSION = YES;
				CLANG_WARN_COMMA = YES;
				CLANG_WARN_CONSTANT_CONVERSION = YES;
				CLANG_WARN_DEPRECATED_OBJC_IMPLEMENTATIONS = YES;
				CLANG_WARN_DIRECT_OBJC_ISA_USAGE = YES_ERROR;
				CLANG_WARN_DOCUMENTATION_COMMENTS = YES;
				CLANG_WARN_EMPTY_BODY = YES;
				CLANG_WARN_ENUM_CONVERSION = YES;
				CLANG_WARN_INFINITE_RECURSION = YES;
				CLANG_WARN_INT_CONVERSION = YES;
				CLANG_WARN_NON_LITERAL_NULL_CONVERSION = YES;
				CLANG_WARN_OBJC_IMPLICIT_RETAIN_SELF = YES;
				CLANG_WARN_OBJC_LITERAL_CONVERSION = YES;
				CLANG_WARN_OBJC_ROOT_CLASS = YES_ERROR;
				CLANG_WARN_QUOTED_INCLUDE_IN_FRAMEWORK_HEADER = YES;
				CLANG_WARN_RANGE_LOOP_ANALYSIS = YES;
				CLANG_WARN_STRICT_PROTOTYPES = YES;
				CLANG_WARN_SUSPICIOUS_MOVE = YES;
				CLANG_WARN_UNGUARDED_AVAILABILITY = YES_AGGRESSIVE;
				CLANG_WARN_UNREACHABLE_CODE = YES;
				CLANG_WARN__DUPLICATE_METHOD_MATCH = YES;
				COPY_PHASE_STRIP = NO;
				DEBUG_INFORMATION_FORMAT = "dwarf-with-dsym";
				ENABLE_NS_ASSERTIONS = NO;
				ENABLE_STRICT_OBJC_MSGSEND = YES;
				GCC_C_LANGUAGE_STANDARD = gnu11;
				GCC_NO_COMMON_BLOCKS = YES;
				GCC_WARN_64_TO_32_BIT_CONVERSION = YES;
				GCC_WARN_ABOUT_RETURN_TYPE = YES_ERROR;
				GCC_WARN_UNDECLARED_SELECTOR = YES;
				GCC_WARN_UNINITIALIZED_AUTOS = YES_AGGRESSIVE;
				GCC_WARN_UNUSED_FUNCTION = YES;
				GCC_WARN_UNUSED_VARIABLE = YES;
				IPHONEOS_DEPLOYMENT_TARGET = 14.4;
				MTL_ENABLE_DEBUG_INFO = NO;
				MTL_FAST_MATH = YES;
				SDKROOT = iphoneos;
				SWIFT_COMPILATION_MODE = wholemodule;
				SWIFT_OPTIMIZATION_LEVEL = "-O";
				VALIDATE_PRODUCT = YES;
			};
			name = Release;
		};
		778F08E125FDDA470059C2A0 /* Debug */ = {
			isa = XCBuildConfiguration;
			baseConfigurationReference = 9A558504DBAB8F6B215C51D4 /* Pods-Sweechat.debug.xcconfig */;
			buildSettings = {
				ASSETCATALOG_COMPILER_APPICON_NAME = AppIcon;
				ASSETCATALOG_COMPILER_GLOBAL_ACCENT_COLOR_NAME = AccentColor;
				CODE_SIGN_STYLE = Automatic;
				DEVELOPMENT_ASSET_PATHS = "\"Sweechat/Preview Content\"";
				DEVELOPMENT_TEAM = 54UB6V8Z9Y;
				ENABLE_PREVIEWS = YES;
				INFOPLIST_FILE = Sweechat/Info.plist;
				IPHONEOS_DEPLOYMENT_TARGET = 14.2;
				LD_RUNPATH_SEARCH_PATHS = (
					"$(inherited)",
					"@executable_path/Frameworks",
				);
				PRODUCT_BUNDLE_IDENTIFIER = CS3217.Sweechat;
				PRODUCT_NAME = "$(TARGET_NAME)";
				SWIFT_VERSION = 5.0;
				TARGETED_DEVICE_FAMILY = "1,2";
			};
			name = Debug;
		};
		778F08E225FDDA470059C2A0 /* Release */ = {
			isa = XCBuildConfiguration;
			baseConfigurationReference = A3571C2B6EC039D6983CB31F /* Pods-Sweechat.release.xcconfig */;
			buildSettings = {
				ASSETCATALOG_COMPILER_APPICON_NAME = AppIcon;
				ASSETCATALOG_COMPILER_GLOBAL_ACCENT_COLOR_NAME = AccentColor;
				CODE_SIGN_STYLE = Automatic;
				DEVELOPMENT_ASSET_PATHS = "\"Sweechat/Preview Content\"";
				DEVELOPMENT_TEAM = 54UB6V8Z9Y;
				ENABLE_PREVIEWS = YES;
				INFOPLIST_FILE = Sweechat/Info.plist;
				IPHONEOS_DEPLOYMENT_TARGET = 14.2;
				LD_RUNPATH_SEARCH_PATHS = (
					"$(inherited)",
					"@executable_path/Frameworks",
				);
				PRODUCT_BUNDLE_IDENTIFIER = CS3217.Sweechat;
				PRODUCT_NAME = "$(TARGET_NAME)";
				SWIFT_VERSION = 5.0;
				TARGETED_DEVICE_FAMILY = "1,2";
			};
			name = Release;
		};
		778F08E425FDDA470059C2A0 /* Debug */ = {
			isa = XCBuildConfiguration;
			buildSettings = {
				ALWAYS_EMBED_SWIFT_STANDARD_LIBRARIES = YES;
				BUNDLE_LOADER = "$(TEST_HOST)";
				CODE_SIGN_STYLE = Automatic;
				DEVELOPMENT_TEAM = 54UB6V8Z9Y;
				HEADER_SEARCH_PATHS = "$(SRCROOT)/Pods/**";
				INFOPLIST_FILE = SweechatTests/Info.plist;
				IPHONEOS_DEPLOYMENT_TARGET = 14.2;
				LD_RUNPATH_SEARCH_PATHS = (
					"$(inherited)",
					"@executable_path/Frameworks",
					"@loader_path/Frameworks",
				);
				PRODUCT_BUNDLE_IDENTIFIER = CS3217.SweechatTests;
				PRODUCT_NAME = "$(TARGET_NAME)";
				SWIFT_VERSION = 5.0;
				TARGETED_DEVICE_FAMILY = "1,2";
				TEST_HOST = "$(BUILT_PRODUCTS_DIR)/Sweechat.app/Sweechat";
			};
			name = Debug;
		};
		778F08E525FDDA470059C2A0 /* Release */ = {
			isa = XCBuildConfiguration;
			buildSettings = {
				ALWAYS_EMBED_SWIFT_STANDARD_LIBRARIES = YES;
				BUNDLE_LOADER = "$(TEST_HOST)";
				CODE_SIGN_STYLE = Automatic;
				DEVELOPMENT_TEAM = 54UB6V8Z9Y;
				HEADER_SEARCH_PATHS = "$(SRCROOT)/Pods/**";
				INFOPLIST_FILE = SweechatTests/Info.plist;
				IPHONEOS_DEPLOYMENT_TARGET = 14.2;
				LD_RUNPATH_SEARCH_PATHS = (
					"$(inherited)",
					"@executable_path/Frameworks",
					"@loader_path/Frameworks",
				);
				PRODUCT_BUNDLE_IDENTIFIER = CS3217.SweechatTests;
				PRODUCT_NAME = "$(TARGET_NAME)";
				SWIFT_VERSION = 5.0;
				TARGETED_DEVICE_FAMILY = "1,2";
				TEST_HOST = "$(BUILT_PRODUCTS_DIR)/Sweechat.app/Sweechat";
			};
			name = Release;
		};
		778F08E725FDDA470059C2A0 /* Debug */ = {
			isa = XCBuildConfiguration;
			buildSettings = {
				ALWAYS_EMBED_SWIFT_STANDARD_LIBRARIES = YES;
				CODE_SIGN_STYLE = Automatic;
				DEVELOPMENT_TEAM = 54UB6V8Z9Y;
				INFOPLIST_FILE = SweechatUITests/Info.plist;
				IPHONEOS_DEPLOYMENT_TARGET = 14.2;
				LD_RUNPATH_SEARCH_PATHS = (
					"$(inherited)",
					"@executable_path/Frameworks",
					"@loader_path/Frameworks",
				);
				PRODUCT_BUNDLE_IDENTIFIER = CS3217.SweechatUITests;
				PRODUCT_NAME = "$(TARGET_NAME)";
				SWIFT_VERSION = 5.0;
				TARGETED_DEVICE_FAMILY = "1,2";
				TEST_TARGET_NAME = Sweechat;
			};
			name = Debug;
		};
		778F08E825FDDA470059C2A0 /* Release */ = {
			isa = XCBuildConfiguration;
			buildSettings = {
				ALWAYS_EMBED_SWIFT_STANDARD_LIBRARIES = YES;
				CODE_SIGN_STYLE = Automatic;
				DEVELOPMENT_TEAM = 54UB6V8Z9Y;
				INFOPLIST_FILE = SweechatUITests/Info.plist;
				IPHONEOS_DEPLOYMENT_TARGET = 14.2;
				LD_RUNPATH_SEARCH_PATHS = (
					"$(inherited)",
					"@executable_path/Frameworks",
					"@loader_path/Frameworks",
				);
				PRODUCT_BUNDLE_IDENTIFIER = CS3217.SweechatUITests;
				PRODUCT_NAME = "$(TARGET_NAME)";
				SWIFT_VERSION = 5.0;
				TARGETED_DEVICE_FAMILY = "1,2";
				TEST_TARGET_NAME = Sweechat;
			};
			name = Release;
		};
/* End XCBuildConfiguration section */

/* Begin XCConfigurationList section */
		778F08AE25FDDA420059C2A0 /* Build configuration list for PBXProject "Sweechat" */ = {
			isa = XCConfigurationList;
			buildConfigurations = (
				778F08DE25FDDA470059C2A0 /* Debug */,
				778F08DF25FDDA470059C2A0 /* Release */,
			);
			defaultConfigurationIsVisible = 0;
			defaultConfigurationName = Release;
		};
		778F08E025FDDA470059C2A0 /* Build configuration list for PBXNativeTarget "Sweechat" */ = {
			isa = XCConfigurationList;
			buildConfigurations = (
				778F08E125FDDA470059C2A0 /* Debug */,
				778F08E225FDDA470059C2A0 /* Release */,
			);
			defaultConfigurationIsVisible = 0;
			defaultConfigurationName = Release;
		};
		778F08E325FDDA470059C2A0 /* Build configuration list for PBXNativeTarget "SweechatTests" */ = {
			isa = XCConfigurationList;
			buildConfigurations = (
				778F08E425FDDA470059C2A0 /* Debug */,
				778F08E525FDDA470059C2A0 /* Release */,
			);
			defaultConfigurationIsVisible = 0;
			defaultConfigurationName = Release;
		};
		778F08E625FDDA470059C2A0 /* Build configuration list for PBXNativeTarget "SweechatUITests" */ = {
			isa = XCConfigurationList;
			buildConfigurations = (
				778F08E725FDDA470059C2A0 /* Debug */,
				778F08E825FDDA470059C2A0 /* Release */,
			);
			defaultConfigurationIsVisible = 0;
			defaultConfigurationName = Release;
		};
/* End XCConfigurationList section */

/* Begin XCVersionGroup section */
		778F08BC25FDDA420059C2A0 /* Sweechat.xcdatamodeld */ = {
			isa = XCVersionGroup;
			children = (
				778F08BD25FDDA420059C2A0 /* Sweechat.xcdatamodel */,
			);
			currentVersion = 778F08BD25FDDA420059C2A0 /* Sweechat.xcdatamodel */;
			path = Sweechat.xcdatamodeld;
			sourceTree = "<group>";
			versionGroupType = wrapper.xcdatamodel;
		};
/* End XCVersionGroup section */
	};
	rootObject = 778F08AB25FDDA420059C2A0 /* Project object */;
}
